Microsoft Visual Studio Solution File, Format Version 12.00
# Visual Studio Version 17
VisualStudioVersion = 17.5.2.0
MinimumVisualStudioVersion = 10.0.40219.1
Project("{FAE04EC0-301F-11D3-BF4B-00C04F79EFBC}") = "firstProj", "firstProj.csproj", "{932A0907-824F-1881-B15B-4D211B5DB954}"
EndProject
Global
	GlobalSection(SolutionConfigurationPlatforms) = preSolution
		Debug|Any CPU = Debug|Any CPU
		Release|Any CPU = Release|Any CPU
	EndGlobalSection
	GlobalSection(ProjectConfigurationPlatforms) = postSolution
		{932A0907-824F-1881-B15B-4D211B5DB954}.Debug|Any CPU.ActiveCfg = Debug|Any CPU
		{932A0907-824F-1881-B15B-4D211B5DB954}.Debug|Any CPU.Build.0 = Debug|Any CPU
		{932A0907-824F-1881-B15B-4D211B5DB954}.Release|Any CPU.ActiveCfg = Release|Any CPU
		{932A0907-824F-1881-B15B-4D211B5DB954}.Release|Any CPU.Build.0 = Release|Any CPU
	EndGlobalSection
	GlobalSection(SolutionProperties) = preSolution
		HideSolutionNode = FALSE
	EndGlobalSection
	GlobalSection(ExtensibilityGlobals) = postSolution
		SolutionGuid = {DF1DAA78-C99C-401D-A57F-1ABD764D3C6A}
	EndGlobalSection
EndGlobal
